
Microsoft Visual Studio Solution File, Format Version 12.00
# Visual Studio Version 17
VisualStudioVersion = 17.14.36518.9 d17.14
MinimumVisualStudioVersion = 10.0.40219.1
Project("{FAE04EC0-301F-11D3-BF4B-00C04F79EFBC}") = "TeskTask", "TeskTask.csproj", "{82EA7792-9EA0-4E45-A08A-ACBAB7846601}"
EndProject
Global
	GlobalSection(SolutionConfigurationPlatforms) = preSolution
		Debug|Any CPU = Debug|Any CPU
		Release|Any CPU = Release|Any CPU
	EndGlobalSection
	GlobalSection(ProjectConfigurationPlatforms) = postSolution
		{82EA7792-9EA0-4E45-A08A-ACBAB7846601}.Debug|Any CPU.ActiveCfg = Debug|Any CPU
		{82EA7792-9EA0-4E45-A08A-ACBAB7846601}.Debug|Any CPU.Build.0 = Debug|Any CPU
		{82EA7792-9EA0-4E45-A08A-ACBAB7846601}.Release|Any CPU.ActiveCfg = Release|Any CPU
		{82EA7792-9EA0-4E45-A08A-ACBAB7846601}.Release|Any CPU.Build.0 = Release|Any CPU
	EndGlobalSection
	GlobalSection(SolutionProperties) = preSolution
		HideSolutionNode = FALSE
	EndGlobalSection
	GlobalSection(ExtensibilityGlobals) = postSolution
		SolutionGuid = {BF570D31-55A4-4674-87FC-DBFE304B0A56}
	EndGlobalSection
EndGlobal
